
Microsoft Visual Studio Solution File, Format Version 12.00
# Visual Studio Version 17
VisualStudioVersion = 17.1.31917.155
MinimumVisualStudioVersion = 10.0.40219.1
Project("{FAE04EC0-301F-11D3-BF4B-00C04F79EFBC}") = "PopupMenuSpike", "PopupMenuSpike\PopupMenuSpike.csproj", "{2376BE6B-F6D0-4953-9C82-6EE27EF65560}"
EndProject
Global
	GlobalSection(SolutionConfigurationPlatforms) = preSolution
		Debug|Any CPU = Debug|Any CPU
		Release|Any CPU = Release|Any CPU
	EndGlobalSection
	GlobalSection(ProjectConfigurationPlatforms) = postSolution
		{2376BE6B-F6D0-4953-9C82-6EE27EF65560}.Debug|Any CPU.ActiveCfg = Debug|Any CPU
		{2376BE6B-F6D0-4953-9C82-6EE27EF65560}.Debug|Any CPU.Build.0 = Debug|Any CPU
		{2376BE6B-F6D0-4953-9C82-6EE27EF65560}.Release|Any CPU.ActiveCfg = Release|Any CPU
		{2376BE6B-F6D0-4953-9C82-6EE27EF65560}.Release|Any CPU.Build.0 = Release|Any CPU
	EndGlobalSection
	GlobalSection(SolutionProperties) = preSolution
		HideSolutionNode = FALSE
	EndGlobalSection
	GlobalSection(ExtensibilityGlobals) = postSolution
		SolutionGuid = {7C4B7243-5E4F-459F-9FCC-1582DB7A43F9}
	EndGlobalSection
EndGlobal
